
Microsoft Visual Studio Solution File, Format Version 12.00
# Visual Studio Version 17
VisualStudioVersion = 17.4.33213.308
MinimumVisualStudioVersion = 10.0.40219.1
Project("{FAE04EC0-301F-11D3-BF4B-00C04F79EFBC}") = "MVC_Crud1", "MVC_Crud1\MVC_Crud1.csproj", "{E01B2D3E-2AC3-4BF3-8373-CD02F650FE91}"
EndProject
Global
	GlobalSection(SolutionConfigurationPlatforms) = preSolution
		Debug|Any CPU = Debug|Any CPU
		Release|Any CPU = Release|Any CPU
	EndGlobalSection
	GlobalSection(ProjectConfigurationPlatforms) = postSolution
		{E01B2D3E-2AC3-4BF3-8373-CD02F650FE91}.Debug|Any CPU.ActiveCfg = Debug|Any CPU
		{E01B2D3E-2AC3-4BF3-8373-CD02F650FE91}.Debug|Any CPU.Build.0 = Debug|Any CPU
		{E01B2D3E-2AC3-4BF3-8373-CD02F650FE91}.Release|Any CPU.ActiveCfg = Release|Any CPU
		{E01B2D3E-2AC3-4BF3-8373-CD02F650FE91}.Release|Any CPU.Build.0 = Release|Any CPU
	EndGlobalSection
	GlobalSection(SolutionProperties) = preSolution
		HideSolutionNode = FALSE
	EndGlobalSection
	GlobalSection(ExtensibilityGlobals) = postSolution
		SolutionGuid = {AB21A75A-A4E7-481A-A1C9-BC6E9270BFEE}
	EndGlobalSection
EndGlobal
